
Microsoft Visual Studio Solution File, Format Version 12.00
# Visual Studio 15
VisualStudioVersion = 15.0.28307.1321
MinimumVisualStudioVersion = 10.0.40219.1
Project("{FAE04EC0-301F-11D3-BF4B-00C04F79EFBC}") = "GrossWeight", "GrossWeight\GrossWeight.csproj", "{25143AF8-5B55-46AD-98D3-65F7C5CE808E}"
EndProject
Global
	GlobalSection(SolutionConfigurationPlatforms) = preSolution
		Debug|Any CPU = Debug|Any CPU
		Release|Any CPU = Release|Any CPU
	EndGlobalSection
	GlobalSection(ProjectConfigurationPlatforms) = postSolution
		{25143AF8-5B55-46AD-98D3-65F7C5CE808E}.Debug|Any CPU.ActiveCfg = Debug|Any CPU
		{25143AF8-5B55-46AD-98D3-65F7C5CE808E}.Debug|Any CPU.Build.0 = Debug|Any CPU
		{25143AF8-5B55-46AD-98D3-65F7C5CE808E}.Release|Any CPU.ActiveCfg = Release|Any CPU
		{25143AF8-5B55-46AD-98D3-65F7C5CE808E}.Release|Any CPU.Build.0 = Release|Any CPU
	EndGlobalSection
	GlobalSection(SolutionProperties) = preSolution
		HideSolutionNode = FALSE
	EndGlobalSection
	GlobalSection(ExtensibilityGlobals) = postSolution
		SolutionGuid = {2BAE93BC-A300-47A1-9CC6-B1DD1BAA7A5B}
	EndGlobalSection
EndGlobal
