
Microsoft Visual Studio Solution File, Format Version 12.00
# Visual Studio 15
VisualStudioVersion = 15.0.28307.1321
MinimumVisualStudioVersion = 10.0.40219.1
Project("{FAE04EC0-301F-11D3-BF4B-00C04F79EFBC}") = "AutoSyncData", "AutoSyncData\AutoSyncData.csproj", "{EAC3AAB3-578A-42C3-B892-CF2670F2C6A4}"
EndProject
Global
	GlobalSection(SolutionConfigurationPlatforms) = preSolution
		Debug|Any CPU = Debug|Any CPU
		Release|Any CPU = Release|Any CPU
	EndGlobalSection
	GlobalSection(ProjectConfigurationPlatforms) = postSolution
		{EAC3AAB3-578A-42C3-B892-CF2670F2C6A4}.Debug|Any CPU.ActiveCfg = Debug|Any CPU
		{EAC3AAB3-578A-42C3-B892-CF2670F2C6A4}.Debug|Any CPU.Build.0 = Debug|Any CPU
		{EAC3AAB3-578A-42C3-B892-CF2670F2C6A4}.Release|Any CPU.ActiveCfg = Release|Any CPU
		{EAC3AAB3-578A-42C3-B892-CF2670F2C6A4}.Release|Any CPU.Build.0 = Release|Any CPU
	EndGlobalSection
	GlobalSection(SolutionProperties) = preSolution
		HideSolutionNode = FALSE
	EndGlobalSection
	GlobalSection(ExtensibilityGlobals) = postSolution
		SolutionGuid = {69130296-1106-4E17-800E-1B10511983EE}
	EndGlobalSection
EndGlobal
